github.com/anknown/darts v0.0.0-20151216065714-83ff685239e6 h1:HblK3eJHq54yET63qPCTJnks3loDse5xRmmqHgHzwoI=
github.com/anknown/darts v0.0.0-20151216065714-83ff685239e6/go.mod h1:pbiaLIeYLUbgMY1kwEAdwO6UKD5ZNwdPGQlwokS9fe8=
github.com/orisano/subflag v0.0.0-20190205181026-fb8dac85b4ed h1:+39Tz0gqNmDkaiWKEkrFltpzYsBJ3G8qobu5tVgdSi4=
github.com/orisano/subflag v0.0.0-20190205181026-fb8dac85b4ed/go.mod h1:ueTBNJyFwEUcwocOvXkgcILDL/1g7SrP46fup9Wp8ZM=
github.com/pkg/errors v0.8.1 h1:iURUrRGxPUNPdy5/HRSm+Yj6okJ6UtLINN0Q9M4+h3I=
github.com/pkg/errors v0.8.1/go.mod h1:bwawxfHBFNV+L2hUp1rHADufV3IMtnDRdf1r5NINEl0=
